<?xml version="1.0" encoding="UTF-8" standalone="yes" ?>
<CodeBlocks_project_file>
	<FileVersion major="1" minor="6" />
	<Project>
		<Option title="ams" />
		<Option pch_mode="2" />
		<Option compiler="gcc" />
		<Build>
			<Target title="Release">
				<Option output="bin/Release/ams" prefix_auto="1" extension_auto="1" />
				<Option object_output="obj/Release/" />
				<Option type="1" />
				<Option compiler="gcc" />
				<Compiler>
					<Add option="-O2" />
				</Compiler>
				<Linker>
					<Add option="-s" />
				</Linker>
			</Target>
		</Build>
		<Compiler>
			<Add option="-Wall" />
			<Add option="-fexceptions" />
			<Add directory="/usr/include/player-3.1" />
		</Compiler>
		<Linker>
			<Add library="/usr/lib64/libboost_program_options-mt.so" />
			<Add library="/usr/lib64/libboost_thread-mt.so" />
			<Add library="/usr/lib64/libplayerc++.so" />
			<Add library="/usr/lib64/libncurses.so" />
			<Add library="/usr/lib64/libnewmat.so" />
		</Linker>
		<Unit filename="AMS_ControlTraject.cpp" />
		<Extensions>
			<code_completion />
			<debugger />
		</Extensions>
	</Project>
</CodeBlocks_project_file>
